// !$*UTF8*$!
{
	archiveVersion = 1;
	classes = {
	};
	objectVersion = 46;
	objects = {

/* Begin PBXBuildFile section */
		6BB176C31CE3AA94008BFA63 /* main.m in Sources */ = {isa = PBXBuildFile; fileRef = 6BB176C21CE3AA94008BFA63 /* main.m */; };
		6BB176C61CE3AA94008BFA63 /* AppDelegate.m in Sources */ = {isa = PBXBuildFile; fileRef = 6BB176C51CE3AA94008BFA63 /* AppDelegate.m */; };
		6BB176C91CE3AA94008BFA63 /* ViewController.m in Sources */ = {isa = PBXBuildFile; fileRef = 6BB176C81CE3AA94008BFA63 /* ViewController.m */; };
		6BB176CC1CE3AA94008BFA63 /* Main.storyboard in Resources */ = {isa = PBXBuildFile; fileRef = 6BB176CA1CE3AA94008BFA63 /* Main.storyboard */; };
		6BB176CE1CE3AA94008BFA63 /* Assets.xcassets in Resources */ = {isa = PBXBuildFile; fileRef = 6BB176CD1CE3AA94008BFA63 /* Assets.xcassets */; };
		6BB176D11CE3AA94008BFA63 /* LaunchScreen.storyboard in Resources */ = {isa = PBXBuildFile; fileRef = 6BB176CF1CE3AA94008BFA63 /* LaunchScreen.storyboard */; };
		6BB176DC1CE3AA94008BFA63 /* CustomErrorDescriptorSampleAppTests.m in Sources */ = {isa = PBXBuildFile; fileRef = 6BB176DB1CE3AA94008BFA63 /* CustomErrorDescriptorSampleAppTests.m */; };
		6BB176E71CE3AA94008BFA63 /* CustomErrorDescriptorSampleAppUITests.m in Sources */ = {isa = PBXBuildFile; fileRef = 6BB176E61CE3AA94008BFA63 /* CustomErrorDescriptorSampleAppUITests.m */; };
		6BB176F61CE3AB49008BFA63 /* ErrorDescriptor.m in Sources */ = {isa = PBXBuildFile; fileRef = 6BB176F51CE3AB49008BFA63 /* ErrorDescriptor.m */; };
/* End PBXBuildFile section */

/* Begin PBXContainerItemProxy section */
		6BB176D81CE3AA94008BFA63 /* PBXContainerItemProxy */ = {
			isa = PBXContainerItemProxy;
			containerPortal = 6BB176B61CE3AA93008BFA63 /* Project object */;
			proxyType = 1;
			remoteGlobalIDString = 6BB176BD1CE3AA93008BFA63;
			remoteInfo = CustomErrorDescriptorSampleApp;
		};
		6BB176E31CE3AA94008BFA63 /* PBXContainerItemProxy */ = {
			isa = PBXContainerItemProxy;
			containerPortal = 6BB176B61CE3AA93008BFA63 /* Project object */;
			proxyType = 1;
			remoteGlobalIDString = 6BB176BD1CE3AA93008BFA63;
			remoteInfo = CustomErrorDescriptorSampleApp;
		};
/* End PBXContainerItemProxy section */

/* Begin PBXFileReference section */
		6BB176BE1CE3AA93008BFA63 /* CustomErrorDescriptorSampleApp.app */ = {isa = PBXFileReference; explicitFileType = wrapper.application; includeInIndex = 0; path = CustomErrorDescriptorSampleApp.app; sourceTree = BUILT_PRODUCTS_DIR; };
		6BB176C21CE3AA94008BFA63 /* main.m */ = {isa = PBXFileReference; lastKnownFileType = sourcecode.c.objc; path = main.m; sourceTree = "<group>"; };
		6BB176C41CE3AA94008BFA63 /* AppDelegate.h */ = {isa = PBXFileReference; lastKnownFileType = sourcecode.c.h; path = AppDelegate.h; sourceTree = "<group>"; };
		6BB176C51CE3AA94008BFA63 /* AppDelegate.m */ = {isa = PBXFileReference; lastKnownFileType = sourcecode.c.objc; path = AppDelegate.m; sourceTree = "<group>"; };
		6BB176C71CE3AA94008BFA63 /* ViewController.h */ = {isa = PBXFileReference; lastKnownFileType = sourcecode.c.h; path = ViewController.h; sourceTree = "<group>"; };
		6BB176C81CE3AA94008BFA63 /* ViewController.m */ = {isa = PBXFileReference; lastKnownFileType = sourcecode.c.objc; path = ViewController.m; sourceTree = "<group>"; };
		6BB176CB1CE3AA94008BFA63 /* Base */ = {isa = PBXFileReference; lastKnownFileType = file.storyboard; name = Base; path = Base.lproj/Main.storyboard; sourceTree = "<group>"; };
		6BB176CD1CE3AA94008BFA63 /* Assets.xcassets */ = {isa = PBXFileReference; lastKnownFileType = folder.assetcatalog; path = Assets.xcassets; sourceTree = "<group>"; };
		6BB176D01CE3AA94008BFA63 /* Base */ = {isa = PBXFileReference; lastKnownFileType = file.storyboard; name = Base; path = Base.lproj/LaunchScreen.storyboard; sourceTree = "<group>"; };
		6BB176D21CE3AA94008BFA63 /* Info.plist */ = {isa = PBXFileReference; lastKnownFileType = text.plist.xml; path = Info.plist; sourceTree = "<group>"; };
		6BB176D71CE3AA94008BFA63 /* CustomErrorDescriptorSampleAppTests.xctest */ = {isa = PBXFileReference; explicitFileType = wrapper.cfbundle; includeInIndex = 0; path = CustomErrorDescriptorSampleAppTests.xctest; sourceTree = BUILT_PRODUCTS_DIR; };
		6BB176DB1CE3AA94008BFA63 /* CustomErrorDescriptorSampleAppTests.m */ = {isa = PBXFileReference; lastKnownFileType = sourcecode.c.objc; path = CustomErrorDescriptorSampleAppTests.m; sourceTree = "<group>"; };
		6BB176DD1CE3AA94008BFA63 /* Info.plist */ = {isa = PBXFileReference; lastKnownFileType = text.plist.xml; path = Info.plist; sourceTree = "<group>"; };
		6BB176E21CE3AA94008BFA63 /* CustomErrorDescriptorSampleAppUITests.xctest */ = {isa = PBXFileReference; explicitFileType = wrapper.cfbundle; includeInIndex = 0; path = CustomErrorDescriptorSampleAppUITests.xctest; sourceTree = BUILT_PRODUCTS_DIR; };
		6BB176E61CE3AA94008BFA63 /* CustomErrorDescriptorSampleAppUITests.m */ = {isa = PBXFileReference; lastKnownFileType = sourcecode.c.objc; path = CustomErrorDescriptorSampleAppUITests.m; sourceTree = "<group>"; };
		6BB176E81CE3AA94008BFA63 /* Info.plist */ = {isa = PBXFileReference; lastKnownFileType = text.plist.xml; path = Info.plist; sourceTree = "<group>"; };
		6BB176F41CE3AB49008BFA63 /* ErrorDescriptor.h */ = {isa = PBXFileReference; fileEncoding = 4; lastKnownFileType = sourcecode.c.h; path = ErrorDescriptor.h; sourceTree = "<group>"; };
		6BB176F51CE3AB49008BFA63 /* ErrorDescriptor.m */ = {isa = PBXFileReference; fileEncoding = 4; lastKnownFileType = sourcecode.c.objc; path = ErrorDescriptor.m; sourceTree = "<group>"; };
/* End PBXFileReference section */

/* Begin PBXFrameworksBuildPhase section */
		6BB176BB1CE3AA93008BFA63 /* Frameworks */ = {
			isa = PBXFrameworksBuildPhase;
			buildActionMask = 2147483647;
			files = (
			);
			runOnlyForDeploymentPostprocessing = 0;
		};
		6BB176D41CE3AA94008BFA63 /* Frameworks */ = {
			isa = PBXFrameworksBuildPhase;
			buildActionMask = 2147483647;
			files = (
			);
			runOnlyForDeploymentPostprocessing = 0;
		};
		6BB176DF1CE3AA94008BFA63 /* Frameworks */ = {
			isa = PBXFrameworksBuildPhase;
			buildActionMask = 2147483647;
			files = (
			);
			runOnlyForDeploymentPostprocessing = 0;
		};
/* End PBXFrameworksBuildPhase section */

/* Begin PBXGroup section */
		6BB176B51CE3AA93008BFA63 = {
			isa = PBXGroup;
			children = (
				6BB176C01CE3AA94008BFA63 /* CustomErrorDescriptorSampleApp */,
				6BB176DA1CE3AA94008BFA63 /* CustomErrorDescriptorSampleAppTests */,
				6BB176E51CE3AA94008BFA63 /* CustomErrorDescriptorSampleAppUITests */,
				6BB176BF1CE3AA93008BFA63 /* Products */,
			);
			sourceTree = "<group>";
		};
		6BB176BF1CE3AA93008BFA63 /* Products */ = {
			isa = PBXGroup;
			children = (
				6BB176BE1CE3AA93008BFA63 /* CustomErrorDescriptorSampleApp.app */,
				6BB176D71CE3AA94008BFA63 /* CustomErrorDescriptorSampleAppTests.xctest */,
				6BB176E21CE3AA94008BFA63 /* CustomErrorDescriptorSampleAppUITests.xctest */,
			);
			name = Products;
			sourceTree = "<group>";
		};
		6BB176C01CE3AA94008BFA63 /* CustomErrorDescriptorSampleApp */ = {
			isa = PBXGroup;
			children = (
				6BB176C41CE3AA94008BFA63 /* AppDelegate.h */,
				6BB176C51CE3AA94008BFA63 /* AppDelegate.m */,
				6BB176C71CE3AA94008BFA63 /* ViewController.h */,
				6BB176C81CE3AA94008BFA63 /* ViewController.m */,
				6BB176CA1CE3AA94008BFA63 /* Main.storyboard */,
				6BB176CD1CE3AA94008BFA63 /* Assets.xcassets */,
				6BB176CF1CE3AA94008BFA63 /* LaunchScreen.storyboard */,
				6BB176F71CE3AB52008BFA63 /* Custom Error Descriptors */,
				6BB176D21CE3AA94008BFA63 /* Info.plist */,
				6BB176C11CE3AA94008BFA63 /* Supporting Files */,
			);
			path = CustomErrorDescriptorSampleApp;
			sourceTree = "<group>";
		};
		6BB176C11CE3AA94008BFA63 /* Supporting Files */ = {
			isa = PBXGroup;
			children = (
				6BB176C21CE3AA94008BFA63 /* main.m */,
			);
			name = "Supporting Files";
			sourceTree = "<group>";
		};
		6BB176DA1CE3AA94008BFA63 /* CustomErrorDescriptorSampleAppTests */ = {
			isa = PBXGroup;
			children = (
				6BB176DB1CE3AA94008BFA63 /* CustomErrorDescriptorSampleAppTests.m */,
				6BB176DD1CE3AA94008BFA63 /* Info.plist */,
			);
			path = CustomErrorDescriptorSampleAppTests;
			sourceTree = "<group>";
		};
		6BB176E51CE3AA94008BFA63 /* CustomErrorDescriptorSampleAppUITests */ = {
			isa = PBXGroup;
			children = (
				6BB176E61CE3AA94008BFA63 /* CustomErrorDescriptorSampleAppUITests.m */,
				6BB176E81CE3AA94008BFA63 /* Info.plist */,
			);
			path = CustomErrorDescriptorSampleAppUITests;
			sourceTree = "<group>";
		};
		6BB176F71CE3AB52008BFA63 /* Custom Error Descriptors */ = {
			isa = PBXGroup;
			children = (
				6BB176F41CE3AB49008BFA63 /* ErrorDescriptor.h */,
				6BB176F51CE3AB49008BFA63 /* ErrorDescriptor.m */,
			);
			name = "Custom Error Descriptors";
			sourceTree = "<group>";
		};
/* End PBXGroup section */

/* Begin PBXNativeTarget section */
		6BB176BD1CE3AA93008BFA63 /* CustomErrorDescriptorSampleApp */ = {
			isa = PBXNativeTarget;
			buildConfigurationList = 6BB176EB1CE3AA94008BFA63 /* Build configuration list for PBXNativeTarget "CustomErrorDescriptorSampleApp" */;
			buildPhases = (
				6BB176BA1CE3AA93008BFA63 /* Sources */,
				6BB176BB1CE3AA93008BFA63 /* Frameworks */,
				6BB176BC1CE3AA93008BFA63 /* Resources */,
			);
			buildRules = (
			);
			dependencies = (
			);
			name = CustomErrorDescriptorSampleApp;
			productName = CustomErrorDescriptorSampleApp;
			productReference = 6BB176BE1CE3AA93008BFA63 /* CustomErrorDescriptorSampleApp.app */;
			productType = "com.apple.product-type.application";
		};
		6BB176D61CE3AA94008BFA63 /* CustomErrorDescriptorSampleAppTests */ = {
			isa = PBXNativeTarget;
			buildConfigurationList = 6BB176EE1CE3AA94008BFA63 /* Build configuration list for PBXNativeTarget "CustomErrorDescriptorSampleAppTests" */;
			buildPhases = (
				6BB176D31CE3AA94008BFA63 /* Sources */,
				6BB176D41CE3AA94008BFA63 /* Frameworks */,
				6BB176D51CE3AA94008BFA63 /* Resources */,
			);
			buildRules = (
			);
			dependencies = (
				6BB176D91CE3AA94008BFA63 /* PBXTargetDependency */,
			);
			name = CustomErrorDescriptorSampleAppTests;
			productName = CustomErrorDescriptorSampleAppTests;
			productReference = 6BB176D71CE3AA94008BFA63 /* CustomErrorDescriptorSampleAppTests.xctest */;
			productType = "com.apple.product-type.bundle.unit-test";
		};
		6BB176E11CE3AA94008BFA63 /* CustomErrorDescriptorSampleAppUITests */ = {
			isa = PBXNativeTarget;
			buildConfigurationList = 6BB176F11CE3AA94008BFA63 /* Build configuration list for PBXNativeTarget "CustomErrorDescriptorSampleAppUITests" */;
			buildPhases = (
				6BB176DE1CE3AA94008BFA63 /* Sources */,
				6BB176DF1CE3AA94008BFA63 /* Frameworks */,
				6BB176E01CE3AA94008BFA63 /* Resources */,
			);
			buildRules = (
			);
			dependencies = (
				6BB176E41CE3AA94008BFA63 /* PBXTargetDependency */,
			);
			name = CustomErrorDescriptorSampleAppUITests;
			productName = CustomErrorDescriptorSampleAppUITests;
			productReference = 6BB176E21CE3AA94008BFA63 /* CustomErrorDescriptorSampleAppUITests.xctest */;
			productType = "com.apple.product-type.bundle.ui-testing";
		};
/* End PBXNativeTarget section */

/* Begin PBXProject section */
		6BB176B61CE3AA93008BFA63 /* Project object */ = {
			isa = PBXProject;
			attributes = {
				LastUpgradeCheck = 0730;
				ORGANIZATIONNAME = "Krishna Ramachandran";
				TargetAttributes = {
					6BB176BD1CE3AA93008BFA63 = {
						CreatedOnToolsVersion = 7.3;
					};
					6BB176D61CE3AA94008BFA63 = {
						CreatedOnToolsVersion = 7.3;
						TestTargetID = 6BB176BD1CE3AA93008BFA63;
					};
					6BB176E11CE3AA94008BFA63 = {
						CreatedOnToolsVersion = 7.3;
						TestTargetID = 6BB176BD1CE3AA93008BFA63;
					};
				};
			};
			buildConfigurationList = 6BB176B91CE3AA93008BFA63 /* Build configuration list for PBXProject "CustomErrorDescriptorSampleApp" */;
			compatibilityVersion = "Xcode 3.2";
			developmentRegion = English;
			hasScannedForEncodings = 0;
			knownRegions = (
				en,
				Base,
			);
			mainGroup = 6BB176B51CE3AA93008BFA63;
			productRefGroup = 6BB176BF1CE3AA93008BFA63 /* Products */;
			projectDirPath = "";
			projectRoot = "";
			targets = (
				6BB176BD1CE3AA93008BFA63 /* CustomErrorDescriptorSampleApp */,
				6BB176D61CE3AA94008BFA63 /* CustomErrorDescriptorSampleAppTests */,
				6BB176E11CE3AA94008BFA63 /* CustomErrorDescriptorSampleAppUITests */,
			);
		};
/* End PBXProject section */

/* Begin PBXResourcesBuildPhase section */
		6BB176BC1CE3AA93008BFA63 /* Resources */ = {
			isa = PBXResourcesBuildPhase;
			buildActionMask = 2147483647;
			files = (
				6BB176D11CE3AA94008BFA63 /* LaunchScreen.storyboard in Resources */,
				6BB176CE1CE3AA94008BFA63 /* Assets.xcassets in Resources */,
				6BB176CC1CE3AA94008BFA63 /* Main.storyboard in Resources */,
			);
			runOnlyForDeploymentPostprocessing = 0;
		};
		6BB176D51CE3AA94008BFA63 /* Resources */ = {
			isa = PBXResourcesBuildPhase;
			buildActionMask = 2147483647;
			files = (
			);
			runOnlyForDeploymentPostprocessing = 0;
		};
		6BB176E01CE3AA94008BFA63 /* Resources */ = {
			isa = PBXResourcesBuildPhase;
			buildActionMask = 2147483647;
			files = (
			);
			runOnlyForDeploymentPostprocessing = 0;
		};
/* End PBXResourcesBuildPhase section */

/* Begin PBXSourcesBuildPhase section */
		6BB176BA1CE3AA93008BFA63 /* Sources */ = {
			isa = PBXSourcesBuildPhase;
			buildActionMask = 2147483647;
			files = (
				6BB176C91CE3AA94008BFA63 /* ViewController.m in Sources */,
				6BB176F61CE3AB49008BFA63 /* ErrorDescriptor.m in Sources */,
				6BB176C61CE3AA94008BFA63 /* AppDelegate.m in Sources */,
				6BB176C31CE3AA94008BFA63 /* main.m in Sources */,
			);
			runOnlyForDeploymentPostprocessing = 0;
		};
		6BB176D31CE3AA94008BFA63 /* Sources */ = {
			isa = PBXSourcesBuildPhase;
			buildActionMask = 2147483647;
			files = (
				6BB176DC1CE3AA94008BFA63 /* CustomErrorDescriptorSampleAppTests.m in Sources */,
			);
			runOnlyForDeploymentPostprocessing = 0;
		};
		6BB176DE1CE3AA94008BFA63 /* Sources */ = {
			isa = PBXSourcesBuildPhase;
			buildActionMask = 2147483647;
			files = (
				6BB176E71CE3AA94008BFA63 /* CustomErrorDescriptorSampleAppUITests.m in Sources */,
			);
			runOnlyForDeploymentPostprocessing = 0;
		};
/* End PBXSourcesBuildPhase section */

/* Begin PBXTargetDependency section */
		6BB176D91CE3AA94008BFA63 /* PBXTargetDependency */ = {
			isa = PBXTargetDependency;
			target = 6BB176BD1CE3AA93008BFA63 /* CustomErrorDescriptorSampleApp */;
			targetProxy = 6BB176D81CE3AA94008BFA63 /* PBXContainerItemProxy */;
		};
		6BB176E41CE3AA94008BFA63 /* PBXTargetDependency */ = {
			isa = PBXTargetDependency;
			target = 6BB176BD1CE3AA93008BFA63 /* CustomErrorDescriptorSampleApp */;
			targetProxy = 6BB176E31CE3AA94008BFA63 /* PBXContainerItemProxy */;
		};
/* End PBXTargetDependency section */

/* Begin PBXVariantGroup section */
		6BB176CA1CE3AA94008BFA63 /* Main.storyboard */ = {
			isa = PBXVariantGroup;
			children = (
				6BB176CB1CE3AA94008BFA63 /* Base */,
			);
			name = Main.storyboard;
			sourceTree = "<group>";
		};
		6BB176CF1CE3AA94008BFA63 /* LaunchScreen.storyboard */ = {
			isa = PBXVariantGroup;
			children = (
				6BB176D01CE3AA94008BFA63 /* Base */,
			);
			name = LaunchScreen.storyboard;
			sourceTree = "<group>";
		};
/* End PBXVariantGroup section */

/* Begin XCBuildConfiguration section */
		6BB176E91CE3AA94008BFA63 /* Debug */ = {
			isa = XCBuildConfiguration;
			buildSettings = {
				ALWAYS_SEARCH_USER_PATHS = NO;
				CLANG_ANALYZER_NONNULL = YES;
				CLANG_CXX_LANGUAGE_STANDARD = "gnu++0x";
				CLANG_CXX_LIBRARY = "libc++";
				CLANG_ENABLE_MODULES = YES;
				CLANG_ENABLE_OBJC_ARC = YES;
				CLANG_WARN_BOOL_CONVERSION = YES;
				CLANG_WARN_CONSTANT_CONVERSION = YES;
				CLANG_WARN_DIRECT_OBJC_ISA_USAGE = YES_ERROR;
				CLANG_WARN_EMPTY_BODY = YES;
				CLANG_WARN_ENUM_CONVERSION = YES;
				CLANG_WARN_INT_CONVERSION = YES;
				CLANG_WARN_OBJC_ROOT_CLASS = YES_ERROR;
				CLANG_WARN_UNREACHABLE_CODE = YES;
				CLANG_WARN__DUPLICATE_METHOD_MATCH = YES;
				"CODE_SIGN_IDENTITY[sdk=iphoneos*]" = "iPhone Developer";
				COPY_PHASE_STRIP = NO;
				DEBUG_INFORMATION_FORMAT = dwarf;
				ENABLE_STRICT_OBJC_MSGSEND = YES;
				ENABLE_TESTABILITY = YES;
				GCC_C_LANGUAGE_STANDARD = gnu99;
				GCC_DYNAMIC_NO_PIC = NO;
				GCC_NO_COMMON_BLOCKS = YES;
				GCC_OPTIMIZATION_LEVEL = 0;
				GCC_PREPROCESSOR_DEFINITIONS = (
					"DEBUG=1",
					"$(inherited)",
				);
				GCC_WARN_64_TO_32_BIT_CONVERSION = YES;
				GCC_WARN_ABOUT_RETURN_TYPE = YES_ERROR;
				GCC_WARN_UNDECLARED_SELECTOR = YES;
				GCC_WARN_UNINITIALIZED_AUTOS = YES_AGGRESSIVE;
				GCC_WARN_UNUSED_FUNCTION = YES;
				GCC_WARN_UNUSED_VARIABLE = YES;
				IPHONEOS_DEPLOYMENT_TARGET = 9.3;
				MTL_ENABLE_DEBUG_INFO = YES;
				ONLY_ACTIVE_ARCH = YES;
				SDKROOT = iphoneos;
				TARGETED_DEVICE_FAMILY = "1,2";
			};
			name = Debug;
		};
		6BB176EA1CE3AA94008BFA63 /* Release */ = {
			isa = XCBuildConfiguration;
			buildSettings = {
				ALWAYS_SEARCH_USER_PATHS = NO;
				CLANG_ANALYZER_NONNULL = YES;
				CLANG_CXX_LANGUAGE_STANDARD = "gnu++0x";
				CLANG_CXX_LIBRARY = "libc++";
				CLANG_ENABLE_MODULES = YES;
				CLANG_ENABLE_OBJC_ARC = YES;
				CLANG_WARN_BOOL_CONVERSION = YES;
				CLANG_WARN_CONSTANT_CONVERSION = YES;
				CLANG_WARN_DIRECT_OBJC_ISA_USAGE = YES_ERROR;
				CLANG_WARN_EMPTY_BODY = YES;
				CLANG_WARN_ENUM_CONVERSION = YES;
				CLANG_WARN_INT_CONVERSION = YES;
				CLANG_WARN_OBJC_ROOT_CLASS = YES_ERROR;
				CLANG_WARN_UNREACHABLE_CODE = YES;
				CLANG_WARN__DUPLICATE_METHOD_MATCH = YES;
				"CODE_SIGN_IDENTITY[sdk=iphoneos*]" = "iPhone Developer";
				COPY_PHASE_STRIP = NO;
				DEBUG_INFORMATION_FORMAT = "dwarf-with-dsym";
				ENABLE_NS_ASSERTIONS = NO;
				ENABLE_STRICT_OBJC_MSGSEND = YES;
				GCC_C_LANGUAGE_STANDARD = gnu99;
				GCC_NO_COMMON_BLOCKS = YES;
				GCC_WARN_64_TO_32_BIT_CONVERSION = YES;
				GCC_WARN_ABOUT_RETURN_TYPE = YES_ERROR;
				GCC_WARN_UNDECLARED_SELECTOR = YES;
				GCC_WARN_UNINITIALIZED_AUTOS = YES_AGGRESSIVE;
				GCC_WARN_UNUSED_FUNCTION = YES;
				GCC_WARN_UNUSED_VARIABLE = YES;
				IPHONEOS_DEPLOYMENT_TARGET = 9.3;
				MTL_ENABLE_DEBUG_INFO = NO;
				SDKROOT = iphoneos;
				TARGETED_DEVICE_FAMILY = "1,2";
				VALIDATE_PRODUCT = YES;
			};
			name = Release;
		};
		6BB176EC1CE3AA94008BFA63 /* Debug */ = {
			isa = XCBuildConfiguration;
			buildSettings = {
				ASSETCATALOG_COMPILER_APPICON_NAME = AppIcon;
				INFOPLIST_FILE = CustomErrorDescriptorSampleApp/Info.plist;
				LD_RUNPATH_SEARCH_PATHS = "$(inherited) @executable_path/Frameworks";
				PRODUCT_BUNDLE_IDENTIFIER = onebittwo.com.CustomErrorDescriptorSampleApp;
				PRODUCT_NAME = "$(TARGET_NAME)";
			};
			name = Debug;
		};
		6BB176ED1CE3AA94008BFA63 /* Release */ = {
			isa = XCBuildConfiguration;
			buildSettings = {
				ASSETCATALOG_COMPILER_APPICON_NAME = AppIcon;
				INFOPLIST_FILE = CustomErrorDescriptorSampleApp/Info.plist;
				LD_RUNPATH_SEARCH_PATHS = "$(inherited) @executable_path/Frameworks";
				PRODUCT_BUNDLE_IDENTIFIER = onebittwo.com.CustomErrorDescriptorSampleApp;
				PRODUCT_NAME = "$(TARGET_NAME)";
			};
			name = Release;
		};
		6BB176EF1CE3AA94008BFA63 /* Debug */ = {
			isa = XCBuildConfiguration;
			buildSettings = {
				BUNDLE_LOADER = "$(TEST_HOST)";
				INFOPLIST_FILE = CustomErrorDescriptorSampleAppTests/Info.plist;
				LD_RUNPATH_SEARCH_PATHS = "$(inherited) @executable_path/Frameworks @loader_path/Frameworks";
				PRODUCT_BUNDLE_IDENTIFIER = onebittwo.com.CustomErrorDescriptorSampleAppTests;
				PRODUCT_NAME = "$(TARGET_NAME)";
				TEST_HOST = "$(BUILT_PRODUCTS_DIR)/CustomErrorDescriptorSampleApp.app/CustomErrorDescriptorSampleApp";
			};
			name = Debug;
		};
		6BB176F01CE3AA94008BFA63 /* Release */ = {
			isa = XCBuildConfiguration;
			buildSettings = {
				BUNDLE_LOADER = "$(TEST_HOST)";
				INFOPLIST_FILE = CustomErrorDescriptorSampleAppTests/Info.plist;
				LD_RUNPATH_SEARCH_PATHS = "$(inherited) @executable_path/Frameworks @loader_path/Frameworks";
				PRODUCT_BUNDLE_IDENTIFIER = onebittwo.com.CustomErrorDescriptorSampleAppTests;
				PRODUCT_NAME = "$(TARGET_NAME)";
				TEST_HOST = "$(BUILT_PRODUCTS_DIR)/CustomErrorDescriptorSampleApp.app/CustomErrorDescriptorSampleApp";
			};
			name = Release;
		};
		6BB176F21CE3AA94008BFA63 /* Debug */ = {
			isa = XCBuildConfiguration;
			buildSettings = {
				INFOPLIST_FILE = CustomErrorDescriptorSampleAppUITests/Info.plist;
				LD_RUNPATH_SEARCH_PATHS = "$(inherited) @executable_path/Frameworks @loader_path/Frameworks";
				PRODUCT_BUNDLE_IDENTIFIER = onebittwo.com.CustomErrorDescriptorSampleAppUITests;
				PRODUCT_NAME = "$(TARGET_NAME)";
				TEST_TARGET_NAME = CustomErrorDescriptorSampleApp;
			};
			name = Debug;
		};
		6BB176F31CE3AA94008BFA63 /* Release */ = {
			isa = XCBuildConfiguration;
			buildSettings = {
				INFOPLIST_FILE = CustomErrorDescriptorSampleAppUITests/Info.plist;
				LD_RUNPATH_SEARCH_PATHS = "$(inherited) @executable_path/Frameworks @loader_path/Frameworks";
				PRODUCT_BUNDLE_IDENTIFIER = onebittwo.com.CustomErrorDescriptorSampleAppUITests;
				PRODUCT_NAME = "$(TARGET_NAME)";
				TEST_TARGET_NAME = CustomErrorDescriptorSampleApp;
			};
			name = Release;
		};
/* End XCBuildConfiguration section */

/* Begin XCConfigurationList section */
		6BB176B91CE3AA93008BFA63 /* Build configuration list for PBXProject "CustomErrorDescriptorSampleApp" */ = {
			isa = XCConfigurationList;
			buildConfigurations = (
				6BB176E91CE3AA94008BFA63 /* Debug */,
				6BB176EA1CE3AA94008BFA63 /* Release */,
			);
			defaultConfigurationIsVisible = 0;
			defaultConfigurationName = Release;
		};
		6BB176EB1CE3AA94008BFA63 /* Build configuration list for PBXNativeTarget "CustomErrorDescriptorSampleApp" */ = {
			isa = XCConfigurationList;
			buildConfigurations = (
				6BB176EC1CE3AA94008BFA63 /* Debug */,
				6BB176ED1CE3AA94008BFA63 /* Release */,
			);
			defaultConfigurationIsVisible = 0;
		};
		6BB176EE1CE3AA94008BFA63 /* Build configuration list for PBXNativeTarget "CustomErrorDescriptorSampleAppTests" */ = {
			isa = XCConfigurationList;
			buildConfigurations = (
				6BB176EF1CE3AA94008BFA63 /* Debug */,
				6BB176F01CE3AA94008BFA63 /* Release */,
			);
			defaultConfigurationIsVisible = 0;
		};
		6BB176F11CE3AA94008BFA63 /* Build configuration list for PBXNativeTarget "CustomErrorDescriptorSampleAppUITests" */ = {
			isa = XCConfigurationList;
			buildConfigurations = (
				6BB176F21CE3AA94008BFA63 /* Debug */,
				6BB176F31CE3AA94008BFA63 /* Release */,
			);
			defaultConfigurationIsVisible = 0;
		};
/* End XCConfigurationList section */
	};
	rootObject = 6BB176B61CE3AA93008BFA63 /* Project object */;
}
